
Microsoft Visual Studio Solution File, Format Version 11.00
# Visual Studio 2010
Project("{8BC9CEB8-8B4A-11D0-8D11-00A0C91BC942}") = "T1026_4", "T1026_4\T1026_4.vcxproj", "{8F98E489-1530-4842-BDE0-3230C836F7A9}"
EndProject
Global
	GlobalSection(SolutionConfigurationPlatforms) = preSolution
		Debug|Win32 = Debug|Win32
		Release|Win32 = Release|Win32
	EndGlobalSection
	GlobalSection(ProjectConfigurationPlatforms) = postSolution
		{8F98E489-1530-4842-BDE0-3230C836F7A9}.Debug|Win32.ActiveCfg = Debug|Win32
		{8F98E489-1530-4842-BDE0-3230C836F7A9}.Debug|Win32.Build.0 = Debug|Win32
		{8F98E489-1530-4842-BDE0-3230C836F7A9}.Release|Win32.ActiveCfg = Release|Win32
		{8F98E489-1530-4842-BDE0-3230C836F7A9}.Release|Win32.Build.0 = Release|Win32
	EndGlobalSection
	GlobalSection(SolutionProperties) = preSolution
		HideSolutionNode = FALSE
	EndGlobalSection
EndGlobal
