
Microsoft Visual Studio Solution File, Format Version 11.00
# Visual Studio 2010
Project("{8BC9CEB8-8B4A-11D0-8D11-00A0C91BC942}") = "T0619_1", "T0619_1\T0619_1.vcxproj", "{4C889726-3899-46A2-9134-64E3EFF343BF}"
EndProject
Global
	GlobalSection(SolutionConfigurationPlatforms) = preSolution
		Debug|Win32 = Debug|Win32
		Release|Win32 = Release|Win32
	EndGlobalSection
	GlobalSection(ProjectConfigurationPlatforms) = postSolution
		{4C889726-3899-46A2-9134-64E3EFF343BF}.Debug|Win32.ActiveCfg = Debug|Win32
		{4C889726-3899-46A2-9134-64E3EFF343BF}.Debug|Win32.Build.0 = Debug|Win32
		{4C889726-3899-46A2-9134-64E3EFF343BF}.Release|Win32.ActiveCfg = Release|Win32
		{4C889726-3899-46A2-9134-64E3EFF343BF}.Release|Win32.Build.0 = Release|Win32
	EndGlobalSection
	GlobalSection(SolutionProperties) = preSolution
		HideSolutionNode = FALSE
	EndGlobalSection
EndGlobal
