
Microsoft Visual Studio Solution File, Format Version 11.00
# Visual Studio 2010
Project("{8BC9CEB8-8B4A-11D0-8D11-00A0C91BC942}") = "T0424_1", "T0424_1\T0424_1.vcxproj", "{0C7E3DA8-EE24-4728-9E57-49D7178DDCEF}"
EndProject
Global
	GlobalSection(SolutionConfigurationPlatforms) = preSolution
		Debug|Win32 = Debug|Win32
		Release|Win32 = Release|Win32
	EndGlobalSection
	GlobalSection(ProjectConfigurationPlatforms) = postSolution
		{0C7E3DA8-EE24-4728-9E57-49D7178DDCEF}.Debug|Win32.ActiveCfg = Debug|Win32
		{0C7E3DA8-EE24-4728-9E57-49D7178DDCEF}.Debug|Win32.Build.0 = Debug|Win32
		{0C7E3DA8-EE24-4728-9E57-49D7178DDCEF}.Release|Win32.ActiveCfg = Release|Win32
		{0C7E3DA8-EE24-4728-9E57-49D7178DDCEF}.Release|Win32.Build.0 = Release|Win32
	EndGlobalSection
	GlobalSection(SolutionProperties) = preSolution
		HideSolutionNode = FALSE
	EndGlobalSection
EndGlobal
