
Microsoft Visual Studio Solution File, Format Version 11.00
# Visual Studio 2010
Project("{8BC9CEB8-8B4A-11D0-8D11-00A0C91BC942}") = "T0612_2", "T0612_2\T0612_2.vcxproj", "{125D40E1-EAB6-47E2-AC10-A508A268DFA3}"
EndProject
Global
	GlobalSection(SolutionConfigurationPlatforms) = preSolution
		Debug|Win32 = Debug|Win32
		Release|Win32 = Release|Win32
	EndGlobalSection
	GlobalSection(ProjectConfigurationPlatforms) = postSolution
		{125D40E1-EAB6-47E2-AC10-A508A268DFA3}.Debug|Win32.ActiveCfg = Debug|Win32
		{125D40E1-EAB6-47E2-AC10-A508A268DFA3}.Debug|Win32.Build.0 = Debug|Win32
		{125D40E1-EAB6-47E2-AC10-A508A268DFA3}.Release|Win32.ActiveCfg = Release|Win32
		{125D40E1-EAB6-47E2-AC10-A508A268DFA3}.Release|Win32.Build.0 = Release|Win32
	EndGlobalSection
	GlobalSection(SolutionProperties) = preSolution
		HideSolutionNode = FALSE
	EndGlobalSection
EndGlobal
